
Microsoft Visual Studio Solution File, Format Version 12.00
# Visual Studio Version 16
VisualStudioVersion = 16.0.29409.12
MinimumVisualStudioVersion = 10.0.40219.1
Project("{FAE04EC0-301F-11D3-BF4B-00C04F79EFBC}") = "Multi_Form_and_Panel", "Multi_Form_and_Panel.csproj", "{94CBDBE7-AB85-4F9B-A9CC-D7D193F8E2B9}"
EndProject
Project("{FAE04EC0-301F-11D3-BF4B-00C04F79EFBC}") = "JustRipeFarmTest", "..\JustRipeFarmTest\JustRipeFarmTest.csproj", "{930378C2-ECD6-4217-A445-3AAE10BA8086}"
EndProject
Global
	GlobalSection(SolutionConfigurationPlatforms) = preSolution
		Debug|Any CPU = Debug|Any CPU
		Release|Any CPU = Release|Any CPU
	EndGlobalSection
	GlobalSection(ProjectConfigurationPlatforms) = postSolution
		{94CBDBE7-AB85-4F9B-A9CC-D7D193F8E2B9}.Debug|Any CPU.ActiveCfg = Debug|Any CPU
		{94CBDBE7-AB85-4F9B-A9CC-D7D193F8E2B9}.Debug|Any CPU.Build.0 = Debug|Any CPU
		{94CBDBE7-AB85-4F9B-A9CC-D7D193F8E2B9}.Release|Any CPU.ActiveCfg = Release|Any CPU
		{94CBDBE7-AB85-4F9B-A9CC-D7D193F8E2B9}.Release|Any CPU.Build.0 = Release|Any CPU
		{930378C2-ECD6-4217-A445-3AAE10BA8086}.Debug|Any CPU.ActiveCfg = Debug|Any CPU
		{930378C2-ECD6-4217-A445-3AAE10BA8086}.Debug|Any CPU.Build.0 = Debug|Any CPU
		{930378C2-ECD6-4217-A445-3AAE10BA8086}.Release|Any CPU.ActiveCfg = Release|Any CPU
		{930378C2-ECD6-4217-A445-3AAE10BA8086}.Release|Any CPU.Build.0 = Release|Any CPU
	EndGlobalSection
	GlobalSection(SolutionProperties) = preSolution
		HideSolutionNode = FALSE
	EndGlobalSection
	GlobalSection(ExtensibilityGlobals) = postSolution
		SolutionGuid = {435BB90C-B957-4D04-9BCB-78FA907BA9E5}
	EndGlobalSection
EndGlobal
